// !$*UTF8*$!
{
	archiveVersion = 1;
	classes = {
	};
	objectVersion = 54;
	objects = {

/* Begin PBXBuildFile section */
		052394562831EE0C006CEB2E /* MenuPopViewController.swift in Sources */ = {isa = PBXBuildFile; fileRef = 052394552831EE0C006CEB2E /* MenuPopViewController.swift */; };
		94441932047FC074D07D42E2 /* Pods_Coffee_App.framework in Frameworks */ = {isa = PBXBuildFile; fileRef = 0430DB24D5046D4E2F5431F9 /* Pods_Coffee_App.framework */; };
		B2BDD48D28316178009D95A7 /* MapViewController.swift in Sources */ = {isa = PBXBuildFile; fileRef = B2BDD48C28316178009D95A7 /* MapViewController.swift */; };
		B2BDD48F283165AE009D95A7 /* MenuTableViewCell.swift in Sources */ = {isa = PBXBuildFile; fileRef = B2BDD48E283165AE009D95A7 /* MenuTableViewCell.swift */; };
		B2F2B6C228314B75007B211E /* CoffeeModel.swift in Sources */ = {isa = PBXBuildFile; fileRef = B2F2B6C128314B75007B211E /* CoffeeModel.swift */; };
		B2F2B6E8283154B5007B211E /* Coffee_App.xcdatamodeld in Sources */ = {isa = PBXBuildFile; fileRef = B2F2B6E6283154B5007B211E /* Coffee_App.xcdatamodeld */; };
		B2F2B6EA28315618007B211E /* MenuViewController.swift in Sources */ = {isa = PBXBuildFile; fileRef = B2F2B6E928315618007B211E /* MenuViewController.swift */; };
		B2F2B6EC28315656007B211E /* FinishViewController.swift in Sources */ = {isa = PBXBuildFile; fileRef = B2F2B6EB28315656007B211E /* FinishViewController.swift */; };
		B2F2B6EE2831568F007B211E /* ControllerFactory.swift in Sources */ = {isa = PBXBuildFile; fileRef = B2F2B6ED2831568F007B211E /* ControllerFactory.swift */; };
		B2F2B6F028315A45007B211E /* CoreDataHelper.swift in Sources */ = {isa = PBXBuildFile; fileRef = B2F2B6EF28315A45007B211E /* CoreDataHelper.swift */; };
		B2F2B6F228315CAD007B211E /* CoreDataHelper+MockData.swift in Sources */ = {isa = PBXBuildFile; fileRef = B2F2B6F128315CAD007B211E /* CoreDataHelper+MockData.swift */; };
		BE2A5ED22824B8250083A151 /* AppDelegate.swift in Sources */ = {isa = PBXBuildFile; fileRef = BE2A5ED12824B8250083A151 /* AppDelegate.swift */; };
		BE2A5ED42824B8250083A151 /* SceneDelegate.swift in Sources */ = {isa = PBXBuildFile; fileRef = BE2A5ED32824B8250083A151 /* SceneDelegate.swift */; };
		BE2A5ED62824B8250083A151 /* ViewController.swift in Sources */ = {isa = PBXBuildFile; fileRef = BE2A5ED52824B8250083A151 /* ViewController.swift */; };
		BE2A5ED92824B8250083A151 /* Main.storyboard in Resources */ = {isa = PBXBuildFile; fileRef = BE2A5ED72824B8250083A151 /* Main.storyboard */; };
		BE2A5EDB2824B8250083A151 /* Assets.xcassets in Resources */ = {isa = PBXBuildFile; fileRef = BE2A5EDA2824B8250083A151 /* Assets.xcassets */; };
		BE2A5EDE2824B8250083A151 /* LaunchScreen.storyboard in Resources */ = {isa = PBXBuildFile; fileRef = BE2A5EDC2824B8250083A151 /* LaunchScreen.storyboard */; };
/* End PBXBuildFile section */

/* Begin PBXFileReference section */
		0430DB24D5046D4E2F5431F9 /* Pods_Coffee_App.framework */ = {isa = PBXFileReference; explicitFileType = wrapper.framework; includeInIndex = 0; path = Pods_Coffee_App.framework; sourceTree = BUILT_PRODUCTS_DIR; };
		052394552831EE0C006CEB2E /* MenuPopViewController.swift */ = {isa = PBXFileReference; lastKnownFileType = sourcecode.swift; path = MenuPopViewController.swift; sourceTree = "<group>"; };
		5C4ED439AF445A534C33F867 /* Pods-Coffee_App.release.xcconfig */ = {isa = PBXFileReference; includeInIndex = 1; lastKnownFileType = text.xcconfig; name = "Pods-Coffee_App.release.xcconfig"; path = "Target Support Files/Pods-Coffee_App/Pods-Coffee_App.release.xcconfig"; sourceTree = "<group>"; };
		B2BDD48C28316178009D95A7 /* MapViewController.swift */ = {isa = PBXFileReference; lastKnownFileType = sourcecode.swift; path = MapViewController.swift; sourceTree = "<group>"; };
		B2BDD48E283165AE009D95A7 /* MenuTableViewCell.swift */ = {isa = PBXFileReference; lastKnownFileType = sourcecode.swift; path = MenuTableViewCell.swift; sourceTree = "<group>"; };
		B2F2B6C128314B75007B211E /* CoffeeModel.swift */ = {isa = PBXFileReference; lastKnownFileType = sourcecode.swift; path = CoffeeModel.swift; sourceTree = "<group>"; };
		B2F2B6E7283154B5007B211E /* Coffee_App.xcdatamodel */ = {isa = PBXFileReference; lastKnownFileType = wrapper.xcdatamodel; path = Coffee_App.xcdatamodel; sourceTree = "<group>"; };
		B2F2B6E928315618007B211E /* MenuViewController.swift */ = {isa = PBXFileReference; lastKnownFileType = sourcecode.swift; path = MenuViewController.swift; sourceTree = "<group>"; };
		B2F2B6EB28315656007B211E /* FinishViewController.swift */ = {isa = PBXFileReference; lastKnownFileType = sourcecode.swift; path = FinishViewController.swift; sourceTree = "<group>"; };
		B2F2B6ED2831568F007B211E /* ControllerFactory.swift */ = {isa = PBXFileReference; lastKnownFileType = sourcecode.swift; path = ControllerFactory.swift; sourceTree = "<group>"; };
		B2F2B6EF28315A45007B211E /* CoreDataHelper.swift */ = {isa = PBXFileReference; lastKnownFileType = sourcecode.swift; path = CoreDataHelper.swift; sourceTree = "<group>"; };
		B2F2B6F128315CAD007B211E /* CoreDataHelper+MockData.swift */ = {isa = PBXFileReference; lastKnownFileType = sourcecode.swift; path = "CoreDataHelper+MockData.swift"; sourceTree = "<group>"; };
		BE2A5ECE2824B8250083A151 /* Coffee_App.app */ = {isa = PBXFileReference; explicitFileType = wrapper.application; includeInIndex = 0; path = Coffee_App.app; sourceTree = BUILT_PRODUCTS_DIR; };
		BE2A5ED12824B8250083A151 /* AppDelegate.swift */ = {isa = PBXFileReference; lastKnownFileType = sourcecode.swift; path = AppDelegate.swift; sourceTree = "<group>"; };
		BE2A5ED32824B8250083A151 /* SceneDelegate.swift */ = {isa = PBXFileReference; lastKnownFileType = sourcecode.swift; path = SceneDelegate.swift; sourceTree = "<group>"; };
		BE2A5ED52824B8250083A151 /* ViewController.swift */ = {isa = PBXFileReference; lastKnownFileType = sourcecode.swift; path = ViewController.swift; sourceTree = "<group>"; };
		BE2A5ED82824B8250083A151 /* Base */ = {isa = PBXFileReference; lastKnownFileType = file.storyboard; name = Base; path = Base.lproj/Main.storyboard; sourceTree = "<group>"; };
		BE2A5EDA2824B8250083A151 /* Assets.xcassets */ = {isa = PBXFileReference; lastKnownFileType = folder.assetcatalog; path = Assets.xcassets; sourceTree = "<group>"; };
		BE2A5EDD2824B8250083A151 /* Base */ = {isa = PBXFileReference; lastKnownFileType = file.storyboard; name = Base; path = Base.lproj/LaunchScreen.storyboard; sourceTree = "<group>"; };
		BE2A5EDF2824B8250083A151 /* Info.plist */ = {isa = PBXFileReference; lastKnownFileType = text.plist.xml; path = Info.plist; sourceTree = "<group>"; };
		E54FF3D6C9C55F077C600B0A /* Pods-Coffee_App.debug.xcconfig */ = {isa = PBXFileReference; includeInIndex = 1; lastKnownFileType = text.xcconfig; name = "Pods-Coffee_App.debug.xcconfig"; path = "Target Support Files/Pods-Coffee_App/Pods-Coffee_App.debug.xcconfig"; sourceTree = "<group>"; };
/* End PBXFileReference section */

/* Begin PBXFrameworksBuildPhase section */
		BE2A5ECB2824B8250083A151 /* Frameworks */ = {
			isa = PBXFrameworksBuildPhase;
			buildActionMask = 2147483647;
			files = (
				94441932047FC074D07D42E2 /* Pods_Coffee_App.framework in Frameworks */,
			);
			runOnlyForDeploymentPostprocessing = 0;
		};
/* End PBXFrameworksBuildPhase section */

/* Begin PBXGroup section */
		67DD65E20184F0AACC56E14E /* Pods */ = {
			isa = PBXGroup;
			children = (
				E54FF3D6C9C55F077C600B0A /* Pods-Coffee_App.debug.xcconfig */,
				5C4ED439AF445A534C33F867 /* Pods-Coffee_App.release.xcconfig */,
			);
			path = Pods;
			sourceTree = "<group>";
		};
		BE2A5EC52824B8250083A151 = {
			isa = PBXGroup;
			children = (
				BE2A5ED02824B8250083A151 /* Coffee_App */,
				BE2A5ECF2824B8250083A151 /* Products */,
				67DD65E20184F0AACC56E14E /* Pods */,
				CF76B33C8E0BE5C2301759EB /* Frameworks */,
			);
			sourceTree = "<group>";
		};
		BE2A5ECF2824B8250083A151 /* Products */ = {
			isa = PBXGroup;
			children = (
				BE2A5ECE2824B8250083A151 /* Coffee_App.app */,
			);
			name = Products;
			sourceTree = "<group>";
		};
		BE2A5ED02824B8250083A151 /* Coffee_App */ = {
			isa = PBXGroup;
			children = (
				BE6D112E282CB47D00BF8C17 /* Utils */,
				BE6D112D282CB47700BF8C17 /* View */,
				BE6D112C282CB47300BF8C17 /* Model */,
				BE6D112B282CB1F100BF8C17 /* Controller */,
				BE2A5ED12824B8250083A151 /* AppDelegate.swift */,
				BE2A5ED32824B8250083A151 /* SceneDelegate.swift */,
				BE2A5ED72824B8250083A151 /* Main.storyboard */,
				B2F2B6E6283154B5007B211E /* Coffee_App.xcdatamodeld */,
				BE2A5EDA2824B8250083A151 /* Assets.xcassets */,
				BE2A5EDC2824B8250083A151 /* LaunchScreen.storyboard */,
				BE2A5EDF2824B8250083A151 /* Info.plist */,
			);
			path = Coffee_App;
			sourceTree = "<group>";
		};
		BE6D112B282CB1F100BF8C17 /* Controller */ = {
			isa = PBXGroup;
			children = (
				BE2A5ED52824B8250083A151 /* ViewController.swift */,
				B2F2B6E928315618007B211E /* MenuViewController.swift */,
				B2F2B6EB28315656007B211E /* FinishViewController.swift */,
				B2BDD48C28316178009D95A7 /* MapViewController.swift */,
				052394552831EE0C006CEB2E /* MenuPopViewController.swift */,
			);
			path = Controller;
			sourceTree = "<group>";
		};
		BE6D112C282CB47300BF8C17 /* Model */ = {
			isa = PBXGroup;
			children = (
				B2F2B6C128314B75007B211E /* CoffeeModel.swift */,
			);
			path = Model;
			sourceTree = "<group>";
		};
		BE6D112D282CB47700BF8C17 /* View */ = {
			isa = PBXGroup;
			children = (
				B2BDD48E283165AE009D95A7 /* MenuTableViewCell.swift */,
			);
			path = View;
			sourceTree = "<group>";
		};
		BE6D112E282CB47D00BF8C17 /* Utils */ = {
			isa = PBXGroup;
			children = (
				B2F2B6ED2831568F007B211E /* ControllerFactory.swift */,
				B2F2B6EF28315A45007B211E /* CoreDataHelper.swift */,
				B2F2B6F128315CAD007B211E /* CoreDataHelper+MockData.swift */,
			);
			path = Utils;
			sourceTree = "<group>";
		};
		CF76B33C8E0BE5C2301759EB /* Frameworks */ = {
			isa = PBXGroup;
			children = (
				0430DB24D5046D4E2F5431F9 /* Pods_Coffee_App.framework */,
			);
			name = Frameworks;
			sourceTree = "<group>";
		};
/* End PBXGroup section */

/* Begin PBXNativeTarget section */
		BE2A5ECD2824B8250083A151 /* Coffee_App */ = {
			isa = PBXNativeTarget;
			buildConfigurationList = BE2A5EE22824B8250083A151 /* Build configuration list for PBXNativeTarget "Coffee_App" */;
			buildPhases = (
				61A60548C72B4E31C08D1447 /* [CP] Check Pods Manifest.lock */,
				BE2A5ECA2824B8250083A151 /* Sources */,
				BE2A5ECB2824B8250083A151 /* Frameworks */,
				BE2A5ECC2824B8250083A151 /* Resources */,
				AE1D6951225A5B76BC443C29 /* [CP] Embed Pods Frameworks */,
			);
			buildRules = (
			);
			dependencies = (
			);
			name = Coffee_App;
			productName = Coffee_App;
			productReference = BE2A5ECE2824B8250083A151 /* Coffee_App.app */;
			productType = "com.apple.product-type.application";
		};
/* End PBXNativeTarget section */

/* Begin PBXProject section */
		BE2A5EC62824B8250083A151 /* Project object */ = {
			isa = PBXProject;
			attributes = {
				BuildIndependentTargetsInParallel = 1;
				LastSwiftUpdateCheck = 1330;
				LastUpgradeCheck = 1330;
				TargetAttributes = {
					BE2A5ECD2824B8250083A151 = {
						CreatedOnToolsVersion = 13.3.1;
					};
				};
			};
			buildConfigurationList = BE2A5EC92824B8250083A151 /* Build configuration list for PBXProject "Coffee_App" */;
			compatibilityVersion = "Xcode 12.0";
			developmentRegion = en;
			hasScannedForEncodings = 0;
			knownRegions = (
				en,
				Base,
			);
			mainGroup = BE2A5EC52824B8250083A151;
			productRefGroup = BE2A5ECF2824B8250083A151 /* Products */;
			projectDirPath = "";
			projectRoot = "";
			targets = (
				BE2A5ECD2824B8250083A151 /* Coffee_App */,
			);
		};
/* End PBXProject section */

/* Begin PBXResourcesBuildPhase section */
		BE2A5ECC2824B8250083A151 /* Resources */ = {
			isa = PBXResourcesBuildPhase;
			buildActionMask = 2147483647;
			files = (
				BE2A5EDE2824B8250083A151 /* LaunchScreen.storyboard in Resources */,
				BE2A5EDB2824B8250083A151 /* Assets.xcassets in Resources */,
				BE2A5ED92824B8250083A151 /* Main.storyboard in Resources */,
			);
			runOnlyForDeploymentPostprocessing = 0;
		};
/* End PBXResourcesBuildPhase section */

/* Begin PBXShellScriptBuildPhase section */
		61A60548C72B4E31C08D1447 /* [CP] Check Pods Manifest.lock */ = {
			isa = PBXShellScriptBuildPhase;
			buildActionMask = 2147483647;
			files = (
			);
			inputFileListPaths = (
			);
			inputPaths = (
				"${PODS_PODFILE_DIR_PATH}/Podfile.lock",
				"${PODS_ROOT}/Manifest.lock",
			);
			name = "[CP] Check Pods Manifest.lock";
			outputFileListPaths = (
			);
			outputPaths = (
				"$(DERIVED_FILE_DIR)/Pods-Coffee_App-checkManifestLockResult.txt",
			);
			runOnlyForDeploymentPostprocessing = 0;
			shellPath = /bin/sh;
			shellScript = "diff \"${PODS_PODFILE_DIR_PATH}/Podfile.lock\" \"${PODS_ROOT}/Manifest.lock\" > /dev/null\nif [ $? != 0 ] ; then\n    # print error to STDERR\n    echo \"error: The sandbox is not in sync with the Podfile.lock. Run 'pod install' or update your CocoaPods installation.\" >&2\n    exit 1\nfi\n# This output is used by Xcode 'outputs' to avoid re-running this script phase.\necho \"SUCCESS\" > \"${SCRIPT_OUTPUT_FILE_0}\"\n";
			showEnvVarsInLog = 0;
		};
		AE1D6951225A5B76BC443C29 /* [CP] Embed Pods Frameworks */ = {
			isa = PBXShellScriptBuildPhase;
			buildActionMask = 2147483647;
			files = (
			);
			inputFileListPaths = (
				"${PODS_ROOT}/Target Support Files/Pods-Coffee_App/Pods-Coffee_App-frameworks-${CONFIGURATION}-input-files.xcfilelist",
			);
			name = "[CP] Embed Pods Frameworks";
			outputFileListPaths = (
				"${PODS_ROOT}/Target Support Files/Pods-Coffee_App/Pods-Coffee_App-frameworks-${CONFIGURATION}-output-files.xcfilelist",
			);
			runOnlyForDeploymentPostprocessing = 0;
			shellPath = /bin/sh;
			shellScript = "\"${PODS_ROOT}/Target Support Files/Pods-Coffee_App/Pods-Coffee_App-frameworks.sh\"\n";
			showEnvVarsInLog = 0;
		};
/* End PBXShellScriptBuildPhase section */

/* Begin PBXSourcesBuildPhase section */
		BE2A5ECA2824B8250083A151 /* Sources */ = {
			isa = PBXSourcesBuildPhase;
			buildActionMask = 2147483647;
			files = (
				B2BDD48D28316178009D95A7 /* MapViewController.swift in Sources */,
				BE2A5ED62824B8250083A151 /* ViewController.swift in Sources */,
				B2BDD48F283165AE009D95A7 /* MenuTableViewCell.swift in Sources */,
				B2F2B6EA28315618007B211E /* MenuViewController.swift in Sources */,
				B2F2B6C228314B75007B211E /* CoffeeModel.swift in Sources */,
				B2F2B6EC28315656007B211E /* FinishViewController.swift in Sources */,
				B2F2B6F228315CAD007B211E /* CoreDataHelper+MockData.swift in Sources */,
				BE2A5ED22824B8250083A151 /* AppDelegate.swift in Sources */,
				B2F2B6E8283154B5007B211E /* Coffee_App.xcdatamodeld in Sources */,
				B2F2B6F028315A45007B211E /* CoreDataHelper.swift in Sources */,
				052394562831EE0C006CEB2E /* MenuPopViewController.swift in Sources */,
				B2F2B6EE2831568F007B211E /* ControllerFactory.swift in Sources */,
				BE2A5ED42824B8250083A151 /* SceneDelegate.swift in Sources */,
			);
			runOnlyForDeploymentPostprocessing = 0;
		};
/* End PBXSourcesBuildPhase section */

/* Begin PBXVariantGroup section */
		BE2A5ED72824B8250083A151 /* Main.storyboard */ = {
			isa = PBXVariantGroup;
			children = (
				BE2A5ED82824B8250083A151 /* Base */,
			);
			name = Main.storyboard;
			sourceTree = "<group>";
		};
		BE2A5EDC2824B8250083A151 /* LaunchScreen.storyboard */ = {
			isa = PBXVariantGroup;
			children = (
				BE2A5EDD2824B8250083A151 /* Base */,
			);
			name = LaunchScreen.storyboard;
			sourceTree = "<group>";
		};
/* End PBXVariantGroup section */

/* Begin XCBuildConfiguration section */
		BE2A5EE02824B8250083A151 /* Debug */ = {
			isa = XCBuildConfiguration;
			buildSettings = {
				ALWAYS_SEARCH_USER_PATHS = NO;
				CLANG_ANALYZER_NONNULL = YES;
				CLANG_ANALYZER_NUMBER_OBJECT_CONVERSION = YES_AGGRESSIVE;
				CLANG_CXX_LANGUAGE_STANDARD = "gnu++17";
				CLANG_ENABLE_MODULES = YES;
				CLANG_ENABLE_OBJC_ARC = YES;
				CLANG_ENABLE_OBJC_WEAK = YES;
				CLANG_WARN_BLOCK_CAPTURE_AUTORELEASING = YES;
				CLANG_WARN_BOOL_CONVERSION = YES;
				CLANG_WARN_COMMA = YES;
				CLANG_WARN_CONSTANT_CONVERSION = YES;
				CLANG_WARN_DEPRECATED_OBJC_IMPLEMENTATIONS = YES;
				CLANG_WARN_DIRECT_OBJC_ISA_USAGE = YES_ERROR;
				CLANG_WARN_DOCUMENTATION_COMMENTS = YES;
				CLANG_WARN_EMPTY_BODY = YES;
				CLANG_WARN_ENUM_CONVERSION = YES;
				CLANG_WARN_INFINITE_RECURSION = YES;
				CLANG_WARN_INT_CONVERSION = YES;
				CLANG_WARN_NON_LITERAL_NULL_CONVERSION = YES;
				CLANG_WARN_OBJC_IMPLICIT_RETAIN_SELF = YES;
				CLANG_WARN_OBJC_LITERAL_CONVERSION = YES;
				CLANG_WARN_OBJC_ROOT_CLASS = YES_ERROR;
				CLANG_WARN_QUOTED_INCLUDE_IN_FRAMEWORK_HEADER = YES;
				CLANG_WARN_RANGE_LOOP_ANALYSIS = YES;
				CLANG_WARN_STRICT_PROTOTYPES = YES;
				CLANG_WARN_SUSPICIOUS_MOVE = YES;
				CLANG_WARN_UNGUARDED_AVAILABILITY = YES_AGGRESSIVE;
				CLANG_WARN_UNREACHABLE_CODE = YES;
				CLANG_WARN__DUPLICATE_METHOD_MATCH = YES;
				COPY_PHASE_STRIP = NO;
				DEBUG_INFORMATION_FORMAT = dwarf;
				ENABLE_STRICT_OBJC_MSGSEND = YES;
				ENABLE_TESTABILITY = YES;
				GCC_C_LANGUAGE_STANDARD = gnu11;
				GCC_DYNAMIC_NO_PIC = NO;
				GCC_NO_COMMON_BLOCKS = YES;
				GCC_OPTIMIZATION_LEVEL = 0;
				GCC_PREPROCESSOR_DEFINITIONS = (
					"DEBUG=1",
					"$(inherited)",
				);
				GCC_WARN_64_TO_32_BIT_CONVERSION = YES;
				GCC_WARN_ABOUT_RETURN_TYPE = YES_ERROR;
				GCC_WARN_UNDECLARED_SELECTOR = YES;
				GCC_WARN_UNINITIALIZED_AUTOS = YES_AGGRESSIVE;
				GCC_WARN_UNUSED_FUNCTION = YES;
				GCC_WARN_UNUSED_VARIABLE = YES;
				IPHONEOS_DEPLOYMENT_TARGET = 15.4;
				MTL_ENABLE_DEBUG_INFO = INCLUDE_SOURCE;
				MTL_FAST_MATH = YES;
				ONLY_ACTIVE_ARCH = YES;
				SDKROOT = iphoneos;
				SWIFT_ACTIVE_COMPILATION_CONDITIONS = DEBUG;
				SWIFT_OPTIMIZATION_LEVEL = "-Onone";
			};
			name = Debug;
		};
		BE2A5EE12824B8250083A151 /* Release */ = {
			isa = XCBuildConfiguration;
			buildSettings = {
				ALWAYS_SEARCH_USER_PATHS = NO;
				CLANG_ANALYZER_NONNULL = YES;
				CLANG_ANALYZER_NUMBER_OBJECT_CONVERSION = YES_AGGRESSIVE;
				CLANG_CXX_LANGUAGE_STANDARD = "gnu++17";
				CLANG_ENABLE_MODULES = YES;
				CLANG_ENABLE_OBJC_ARC = YES;
				CLANG_ENABLE_OBJC_WEAK = YES;
				CLANG_WARN_BLOCK_CAPTURE_AUTORELEASING = YES;
				CLANG_WARN_BOOL_CONVERSION = YES;
				CLANG_WARN_COMMA = YES;
				CLANG_WARN_CONSTANT_CONVERSION = YES;
				CLANG_WARN_DEPRECATED_OBJC_IMPLEMENTATIONS = YES;
				CLANG_WARN_DIRECT_OBJC_ISA_USAGE = YES_ERROR;
				CLANG_WARN_DOCUMENTATION_COMMENTS = YES;
				CLANG_WARN_EMPTY_BODY = YES;
				CLANG_WARN_ENUM_CONVERSION = YES;
				CLANG_WARN_INFINITE_RECURSION = YES;
				CLANG_WARN_INT_CONVERSION = YES;
				CLANG_WARN_NON_LITERAL_NULL_CONVERSION = YES;
				CLANG_WARN_OBJC_IMPLICIT_RETAIN_SELF = YES;
				CLANG_WARN_OBJC_LITERAL_CONVERSION = YES;
				CLANG_WARN_OBJC_ROOT_CLASS = YES_ERROR;
				CLANG_WARN_QUOTED_INCLUDE_IN_FRAMEWORK_HEADER = YES;
				CLANG_WARN_RANGE_LOOP_ANALYSIS = YES;
				CLANG_WARN_STRICT_PROTOTYPES = YES;
				CLANG_WARN_SUSPICIOUS_MOVE = YES;
				CLANG_WARN_UNGUARDED_AVAILABILITY = YES_AGGRESSIVE;
				CLANG_WARN_UNREACHABLE_CODE = YES;
				CLANG_WARN__DUPLICATE_METHOD_MATCH = YES;
				COPY_PHASE_STRIP = NO;
				DEBUG_INFORMATION_FORMAT = "dwarf-with-dsym";
				ENABLE_NS_ASSERTIONS = NO;
				ENABLE_STRICT_OBJC_MSGSEND = YES;
				GCC_C_LANGUAGE_STANDARD = gnu11;
				GCC_NO_COMMON_BLOCKS = YES;
				GCC_WARN_64_TO_32_BIT_CONVERSION = YES;
				GCC_WARN_ABOUT_RETURN_TYPE = YES_ERROR;
				GCC_WARN_UNDECLARED_SELECTOR = YES;
				GCC_WARN_UNINITIALIZED_AUTOS = YES_AGGRESSIVE;
				GCC_WARN_UNUSED_FUNCTION = YES;
				GCC_WARN_UNUSED_VARIABLE = YES;
				IPHONEOS_DEPLOYMENT_TARGET = 15.4;
				MTL_ENABLE_DEBUG_INFO = NO;
				MTL_FAST_MATH = YES;
				SDKROOT = iphoneos;
				SWIFT_COMPILATION_MODE = wholemodule;
				SWIFT_OPTIMIZATION_LEVEL = "-O";
				VALIDATE_PRODUCT = YES;
			};
			name = Release;
		};
		BE2A5EE32824B8250083A151 /* Debug */ = {
			isa = XCBuildConfiguration;
			baseConfigurationReference = E54FF3D6C9C55F077C600B0A /* Pods-Coffee_App.debug.xcconfig */;
			buildSettings = {
				ASSETCATALOG_COMPILER_APPICON_NAME = AppIcon;
				ASSETCATALOG_COMPILER_GLOBAL_ACCENT_COLOR_NAME = AccentColor;
				CODE_SIGN_STYLE = Automatic;
				CURRENT_PROJECT_VERSION = 1;
				GENERATE_INFOPLIST_FILE = YES;
				INFOPLIST_FILE = Coffee_App/Info.plist;
				INFOPLIST_KEY_UIApplicationSupportsIndirectInputEvents = YES;
				INFOPLIST_KEY_UILaunchStoryboardName = LaunchScreen;
				INFOPLIST_KEY_UIMainStoryboardFile = Main;
				INFOPLIST_KEY_UISupportedInterfaceOrientations_iPad = "UIInterfaceOrientationPortrait UIInterfaceOrientationPortraitUpsideDown UIInterfaceOrientationLandscapeLeft UIInterfaceOrientationLandscapeRight";
				INFOPLIST_KEY_UISupportedInterfaceOrientations_iPhone = "UIInterfaceOrientationPortrait UIInterfaceOrientationLandscapeLeft UIInterfaceOrientationLandscapeRight";
				IPHONEOS_DEPLOYMENT_TARGET = 13.0;
				LD_RUNPATH_SEARCH_PATHS = (
					"$(inherited)",
					"@executable_path/Frameworks",
				);
				MARKETING_VERSION = 1.0;
				PRODUCT_BUNDLE_IDENTIFIER = "uts.edu.au.Coffee-App";
				PRODUCT_NAME = "$(TARGET_NAME)";
				SWIFT_EMIT_LOC_STRINGS = YES;
				SWIFT_VERSION = 5.0;
				TARGETED_DEVICE_FAMILY = "1,2";
			};
			name = Debug;
		};
		BE2A5EE42824B8250083A151 /* Release */ = {
			isa = XCBuildConfiguration;
			baseConfigurationReference = 5C4ED439AF445A534C33F867 /* Pods-Coffee_App.release.xcconfig */;
			buildSettings = {
				ASSETCATALOG_COMPILER_APPICON_NAME = AppIcon;
				ASSETCATALOG_COMPILER_GLOBAL_ACCENT_COLOR_NAME = AccentColor;
				CODE_SIGN_STYLE = Automatic;
				CURRENT_PROJECT_VERSION = 1;
				GENERATE_INFOPLIST_FILE = YES;
				INFOPLIST_FILE = Coffee_App/Info.plist;
				INFOPLIST_KEY_UIApplicationSupportsIndirectInputEvents = YES;
				INFOPLIST_KEY_UILaunchStoryboardName = LaunchScreen;
				INFOPLIST_KEY_UIMainStoryboardFile = Main;
				INFOPLIST_KEY_UISupportedInterfaceOrientations_iPad = "UIInterfaceOrientationPortrait UIInterfaceOrientationPortraitUpsideDown UIInterfaceOrientationLandscapeLeft UIInterfaceOrientationLandscapeRight";
				INFOPLIST_KEY_UISupportedInterfaceOrientations_iPhone = "UIInterfaceOrientationPortrait UIInterfaceOrientationLandscapeLeft UIInterfaceOrientationLandscapeRight";
				IPHONEOS_DEPLOYMENT_TARGET = 13.0;
				LD_RUNPATH_SEARCH_PATHS = (
					"$(inherited)",
					"@executable_path/Frameworks",
				);
				MARKETING_VERSION = 1.0;
				PRODUCT_BUNDLE_IDENTIFIER = "uts.edu.au.Coffee-App";
				PRODUCT_NAME = "$(TARGET_NAME)";
				SWIFT_EMIT_LOC_STRINGS = YES;
				SWIFT_VERSION = 5.0;
				TARGETED_DEVICE_FAMILY = "1,2";
			};
			name = Release;
		};
/* End XCBuildConfiguration section */

/* Begin XCConfigurationList section */
		BE2A5EC92824B8250083A151 /* Build configuration list for PBXProject "Coffee_App" */ = {
			isa = XCConfigurationList;
			buildConfigurations = (
				BE2A5EE02824B8250083A151 /* Debug */,
				BE2A5EE12824B8250083A151 /* Release */,
			);
			defaultConfigurationIsVisible = 0;
			defaultConfigurationName = Release;
		};
		BE2A5EE22824B8250083A151 /* Build configuration list for PBXNativeTarget "Coffee_App" */ = {
			isa = XCConfigurationList;
			buildConfigurations = (
				BE2A5EE32824B8250083A151 /* Debug */,
				BE2A5EE42824B8250083A151 /* Release */,
			);
			defaultConfigurationIsVisible = 0;
			defaultConfigurationName = Release;
		};
/* End XCConfigurationList section */

/* Begin XCVersionGroup section */
		B2F2B6E6283154B5007B211E /* Coffee_App.xcdatamodeld */ = {
			isa = XCVersionGroup;
			children = (
				B2F2B6E7283154B5007B211E /* Coffee_App.xcdatamodel */,
			);
			currentVersion = B2F2B6E7283154B5007B211E /* Coffee_App.xcdatamodel */;
			path = Coffee_App.xcdatamodeld;
			sourceTree = "<group>";
			versionGroupType = wrapper.xcdatamodel;
		};
/* End XCVersionGroup section */
	};
	rootObject = BE2A5EC62824B8250083A151 /* Project object */;
}
